
Microsoft Visual Studio Solution File, Format Version 12.00
# Visual Studio Version 17
VisualStudioVersion = 17.0.32014.148
MinimumVisualStudioVersion = 10.0.40219.1
Project("{FAE04EC0-301F-11D3-BF4B-00C04F79EFBC}") = "RevitAPIUI7.1", "RevitAPIUI7.1.csproj", "{D236BC12-A017-470C-B88A-2B31F661A3FB}"
EndProject
Project("{FAE04EC0-301F-11D3-BF4B-00C04F79EFBC}") = "RevitAPIUILibrary", "..\RevitAPIUILibrary\RevitAPIUILibrary.csproj", "{46A1E7C9-81DC-46BC-A63C-D346DE0688BE}"
EndProject
Global
	GlobalSection(SolutionConfigurationPlatforms) = preSolution
		Debug|Any CPU = Debug|Any CPU
		Debug|x64 = Debug|x64
		Debug1|Any CPU = Debug1|Any CPU
		Debug1|x64 = Debug1|x64
		Release|Any CPU = Release|Any CPU
		Release|x64 = Release|x64
	EndGlobalSection
	GlobalSection(ProjectConfigurationPlatforms) = postSolution
		{D236BC12-A017-470C-B88A-2B31F661A3FB}.Debug|Any CPU.ActiveCfg = Debug|Any CPU
		{D236BC12-A017-470C-B88A-2B31F661A3FB}.Debug|Any CPU.Build.0 = Debug|Any CPU
		{D236BC12-A017-470C-B88A-2B31F661A3FB}.Debug|x64.ActiveCfg = Debug|x64
		{D236BC12-A017-470C-B88A-2B31F661A3FB}.Debug|x64.Build.0 = Debug|x64
		{D236BC12-A017-470C-B88A-2B31F661A3FB}.Debug1|Any CPU.ActiveCfg = Debug|Any CPU
		{D236BC12-A017-470C-B88A-2B31F661A3FB}.Debug1|Any CPU.Build.0 = Debug|Any CPU
		{D236BC12-A017-470C-B88A-2B31F661A3FB}.Debug1|x64.ActiveCfg = Debug|x64
		{D236BC12-A017-470C-B88A-2B31F661A3FB}.Debug1|x64.Build.0 = Debug|x64
		{D236BC12-A017-470C-B88A-2B31F661A3FB}.Release|Any CPU.ActiveCfg = Release|Any CPU
		{D236BC12-A017-470C-B88A-2B31F661A3FB}.Release|Any CPU.Build.0 = Release|Any CPU
		{D236BC12-A017-470C-B88A-2B31F661A3FB}.Release|x64.ActiveCfg = Release|x64
		{D236BC12-A017-470C-B88A-2B31F661A3FB}.Release|x64.Build.0 = Release|x64
		{46A1E7C9-81DC-46BC-A63C-D346DE0688BE}.Debug|Any CPU.ActiveCfg = Debug|Any CPU
		{46A1E7C9-81DC-46BC-A63C-D346DE0688BE}.Debug|Any CPU.Build.0 = Debug|Any CPU
		{46A1E7C9-81DC-46BC-A63C-D346DE0688BE}.Debug|x64.ActiveCfg = Debug|x64
		{46A1E7C9-81DC-46BC-A63C-D346DE0688BE}.Debug|x64.Build.0 = Debug|x64
		{46A1E7C9-81DC-46BC-A63C-D346DE0688BE}.Debug1|Any CPU.ActiveCfg = Debug1|Any CPU
		{46A1E7C9-81DC-46BC-A63C-D346DE0688BE}.Debug1|Any CPU.Build.0 = Debug1|Any CPU
		{46A1E7C9-81DC-46BC-A63C-D346DE0688BE}.Debug1|x64.ActiveCfg = Debug1|x64
		{46A1E7C9-81DC-46BC-A63C-D346DE0688BE}.Debug1|x64.Build.0 = Debug1|x64
		{46A1E7C9-81DC-46BC-A63C-D346DE0688BE}.Release|Any CPU.ActiveCfg = Release|Any CPU
		{46A1E7C9-81DC-46BC-A63C-D346DE0688BE}.Release|Any CPU.Build.0 = Release|Any CPU
		{46A1E7C9-81DC-46BC-A63C-D346DE0688BE}.Release|x64.ActiveCfg = Release|x64
		{46A1E7C9-81DC-46BC-A63C-D346DE0688BE}.Release|x64.Build.0 = Release|x64
	EndGlobalSection
	GlobalSection(SolutionProperties) = preSolution
		HideSolutionNode = FALSE
	EndGlobalSection
	GlobalSection(ExtensibilityGlobals) = postSolution
		SolutionGuid = {F9C125FE-12CA-4D17-BD75-415440AB867B}
	EndGlobalSection
EndGlobal
